// !$*UTF8*$!
{
	archiveVersion = 1;
	classes = {
	};
	objectVersion = 56;
	objects = {

/* Begin PBXBuildFile section */
		AD50F3672B37FDEF000F5C71 /* todo_listApp.swift in Sources */ = {isa = PBXBuildFile; fileRef = AD50F3662B37FDEF000F5C71 /* todo_listApp.swift */; };
		AD50F3692B37FDEF000F5C71 /* ContentView.swift in Sources */ = {isa = PBXBuildFile; fileRef = AD50F3682B37FDEF000F5C71 /* ContentView.swift */; };
		AD50F36B2B37FDF2000F5C71 /* Assets.xcassets in Resources */ = {isa = PBXBuildFile; fileRef = AD50F36A2B37FDF2000F5C71 /* Assets.xcassets */; };
		AD50F36E2B37FDF2000F5C71 /* Preview Assets.xcassets in Resources */ = {isa = PBXBuildFile; fileRef = AD50F36D2B37FDF2000F5C71 /* Preview Assets.xcassets */; };
		AD50F3782B37FDF2000F5C71 /* todo_listTests.swift in Sources */ = {isa = PBXBuildFile; fileRef = AD50F3772B37FDF2000F5C71 /* todo_listTests.swift */; };
		AD50F3822B37FDF2000F5C71 /* todo_listUITests.swift in Sources */ = {isa = PBXBuildFile; fileRef = AD50F3812B37FDF2000F5C71 /* todo_listUITests.swift */; };
		AD50F3842B37FDF2000F5C71 /* todo_listUITestsLaunchTests.swift in Sources */ = {isa = PBXBuildFile; fileRef = AD50F3832B37FDF2000F5C71 /* todo_listUITestsLaunchTests.swift */; };
		AD50F3922B381736000F5C71 /* TodoItem.swift in Sources */ = {isa = PBXBuildFile; fileRef = AD50F3912B381736000F5C71 /* TodoItem.swift */; };
		AD50F3962B3819D4000F5C71 /* ValidationHelper.swift in Sources */ = {isa = PBXBuildFile; fileRef = AD50F3952B3819D4000F5C71 /* ValidationHelper.swift */; };
		AD50F3992B381B6C000F5C71 /* TodoListViewModel.swift in Sources */ = {isa = PBXBuildFile; fileRef = AD50F3982B381B6C000F5C71 /* TodoListViewModel.swift */; };
/* End PBXBuildFile section */

/* Begin PBXContainerItemProxy section */
		AD50F3742B37FDF2000F5C71 /* PBXContainerItemProxy */ = {
			isa = PBXContainerItemProxy;
			containerPortal = AD50F35B2B37FDEF000F5C71 /* Project object */;
			proxyType = 1;
			remoteGlobalIDString = AD50F3622B37FDEF000F5C71;
			remoteInfo = "todo-list";
		};
		AD50F37E2B37FDF2000F5C71 /* PBXContainerItemProxy */ = {
			isa = PBXContainerItemProxy;
			containerPortal = AD50F35B2B37FDEF000F5C71 /* Project object */;
			proxyType = 1;
			remoteGlobalIDString = AD50F3622B37FDEF000F5C71;
			remoteInfo = "todo-list";
		};
/* End PBXContainerItemProxy section */

/* Begin PBXFileReference section */
		AD50F3632B37FDEF000F5C71 /* todo-list.app */ = {isa = PBXFileReference; explicitFileType = wrapper.application; includeInIndex = 0; path = "todo-list.app"; sourceTree = BUILT_PRODUCTS_DIR; };
		AD50F3662B37FDEF000F5C71 /* todo_listApp.swift */ = {isa = PBXFileReference; lastKnownFileType = sourcecode.swift; path = todo_listApp.swift; sourceTree = "<group>"; };
		AD50F3682B37FDEF000F5C71 /* ContentView.swift */ = {isa = PBXFileReference; lastKnownFileType = sourcecode.swift; path = ContentView.swift; sourceTree = "<group>"; };
		AD50F36A2B37FDF2000F5C71 /* Assets.xcassets */ = {isa = PBXFileReference; lastKnownFileType = folder.assetcatalog; path = Assets.xcassets; sourceTree = "<group>"; };
		AD50F36D2B37FDF2000F5C71 /* Preview Assets.xcassets */ = {isa = PBXFileReference; lastKnownFileType = folder.assetcatalog; path = "Preview Assets.xcassets"; sourceTree = "<group>"; };
		AD50F3732B37FDF2000F5C71 /* todo-listTests.xctest */ = {isa = PBXFileReference; explicitFileType = wrapper.cfbundle; includeInIndex = 0; path = "todo-listTests.xctest"; sourceTree = BUILT_PRODUCTS_DIR; };
		AD50F3772B37FDF2000F5C71 /* todo_listTests.swift */ = {isa = PBXFileReference; lastKnownFileType = sourcecode.swift; path = todo_listTests.swift; sourceTree = "<group>"; };
		AD50F37D2B37FDF2000F5C71 /* todo-listUITests.xctest */ = {isa = PBXFileReference; explicitFileType = wrapper.cfbundle; includeInIndex = 0; path = "todo-listUITests.xctest"; sourceTree = BUILT_PRODUCTS_DIR; };
		AD50F3812B37FDF2000F5C71 /* todo_listUITests.swift */ = {isa = PBXFileReference; lastKnownFileType = sourcecode.swift; path = todo_listUITests.swift; sourceTree = "<group>"; };
		AD50F3832B37FDF2000F5C71 /* todo_listUITestsLaunchTests.swift */ = {isa = PBXFileReference; lastKnownFileType = sourcecode.swift; path = todo_listUITestsLaunchTests.swift; sourceTree = "<group>"; };
		AD50F3912B381736000F5C71 /* TodoItem.swift */ = {isa = PBXFileReference; lastKnownFileType = sourcecode.swift; path = TodoItem.swift; sourceTree = "<group>"; };
		AD50F3952B3819D4000F5C71 /* ValidationHelper.swift */ = {isa = PBXFileReference; lastKnownFileType = sourcecode.swift; path = ValidationHelper.swift; sourceTree = "<group>"; };
		AD50F3982B381B6C000F5C71 /* TodoListViewModel.swift */ = {isa = PBXFileReference; lastKnownFileType = sourcecode.swift; path = TodoListViewModel.swift; sourceTree = "<group>"; };
/* End PBXFileReference section */

/* Begin PBXFrameworksBuildPhase section */
		AD50F3602B37FDEF000F5C71 /* Frameworks */ = {
			isa = PBXFrameworksBuildPhase;
			buildActionMask = 2147483647;
			files = (
			);
			runOnlyForDeploymentPostprocessing = 0;
		};
		AD50F3702B37FDF2000F5C71 /* Frameworks */ = {
			isa = PBXFrameworksBuildPhase;
			buildActionMask = 2147483647;
			files = (
			);
			runOnlyForDeploymentPostprocessing = 0;
		};
		AD50F37A2B37FDF2000F5C71 /* Frameworks */ = {
			isa = PBXFrameworksBuildPhase;
			buildActionMask = 2147483647;
			files = (
			);
			runOnlyForDeploymentPostprocessing = 0;
		};
/* End PBXFrameworksBuildPhase section */

/* Begin PBXGroup section */
		AD50F35A2B37FDEF000F5C71 = {
			isa = PBXGroup;
			children = (
				AD50F3652B37FDEF000F5C71 /* todo-list */,
				AD50F3762B37FDF2000F5C71 /* todo-listTests */,
				AD50F3802B37FDF2000F5C71 /* todo-listUITests */,
				AD50F3642B37FDEF000F5C71 /* Products */,
			);
			sourceTree = "<group>";
		};
		AD50F3642B37FDEF000F5C71 /* Products */ = {
			isa = PBXGroup;
			children = (
				AD50F3632B37FDEF000F5C71 /* todo-list.app */,
				AD50F3732B37FDF2000F5C71 /* todo-listTests.xctest */,
				AD50F37D2B37FDF2000F5C71 /* todo-listUITests.xctest */,
			);
			name = Products;
			sourceTree = "<group>";
		};
		AD50F3652B37FDEF000F5C71 /* todo-list */ = {
			isa = PBXGroup;
			children = (
				AD50F3972B381B1B000F5C71 /* ViewModels */,
				AD50F3942B3819BB000F5C71 /* Helpers */,
				AD50F3902B38171F000F5C71 /* Models */,
				AD50F3662B37FDEF000F5C71 /* todo_listApp.swift */,
				AD50F3682B37FDEF000F5C71 /* ContentView.swift */,
				AD50F36A2B37FDF2000F5C71 /* Assets.xcassets */,
				AD50F36C2B37FDF2000F5C71 /* Preview Content */,
			);
			path = "todo-list";
			sourceTree = "<group>";
		};
		AD50F36C2B37FDF2000F5C71 /* Preview Content */ = {
			isa = PBXGroup;
			children = (
				AD50F36D2B37FDF2000F5C71 /* Preview Assets.xcassets */,
			);
			path = "Preview Content";
			sourceTree = "<group>";
		};
		AD50F3762B37FDF2000F5C71 /* todo-listTests */ = {
			isa = PBXGroup;
			children = (
				AD50F3772B37FDF2000F5C71 /* todo_listTests.swift */,
			);
			path = "todo-listTests";
			sourceTree = "<group>";
		};
		AD50F3802B37FDF2000F5C71 /* todo-listUITests */ = {
			isa = PBXGroup;
			children = (
				AD50F3812B37FDF2000F5C71 /* todo_listUITests.swift */,
				AD50F3832B37FDF2000F5C71 /* todo_listUITestsLaunchTests.swift */,
			);
			path = "todo-listUITests";
			sourceTree = "<group>";
		};
		AD50F3902B38171F000F5C71 /* Models */ = {
			isa = PBXGroup;
			children = (
				AD50F3912B381736000F5C71 /* TodoItem.swift */,
			);
			path = Models;
			sourceTree = "<group>";
		};
		AD50F3942B3819BB000F5C71 /* Helpers */ = {
			isa = PBXGroup;
			children = (
				AD50F3952B3819D4000F5C71 /* ValidationHelper.swift */,
			);
			path = Helpers;
			sourceTree = "<group>";
		};
		AD50F3972B381B1B000F5C71 /* ViewModels */ = {
			isa = PBXGroup;
			children = (
				AD50F3982B381B6C000F5C71 /* TodoListViewModel.swift */,
			);
			path = ViewModels;
			sourceTree = "<group>";
		};
/* End PBXGroup section */

/* Begin PBXNativeTarget section */
		AD50F3622B37FDEF000F5C71 /* todo-list */ = {
			isa = PBXNativeTarget;
			buildConfigurationList = AD50F3872B37FDF2000F5C71 /* Build configuration list for PBXNativeTarget "todo-list" */;
			buildPhases = (
				AD50F35F2B37FDEF000F5C71 /* Sources */,
				AD50F3602B37FDEF000F5C71 /* Frameworks */,
				AD50F3612B37FDEF000F5C71 /* Resources */,
			);
			buildRules = (
			);
			dependencies = (
			);
			name = "todo-list";
			productName = "todo-list";
			productReference = AD50F3632B37FDEF000F5C71 /* todo-list.app */;
			productType = "com.apple.product-type.application";
		};
		AD50F3722B37FDF2000F5C71 /* todo-listTests */ = {
			isa = PBXNativeTarget;
			buildConfigurationList = AD50F38A2B37FDF2000F5C71 /* Build configuration list for PBXNativeTarget "todo-listTests" */;
			buildPhases = (
				AD50F36F2B37FDF2000F5C71 /* Sources */,
				AD50F3702B37FDF2000F5C71 /* Frameworks */,
				AD50F3712B37FDF2000F5C71 /* Resources */,
			);
			buildRules = (
			);
			dependencies = (
				AD50F3752B37FDF2000F5C71 /* PBXTargetDependency */,
			);
			name = "todo-listTests";
			productName = "todo-listTests";
			productReference = AD50F3732B37FDF2000F5C71 /* todo-listTests.xctest */;
			productType = "com.apple.product-type.bundle.unit-test";
		};
		AD50F37C2B37FDF2000F5C71 /* todo-listUITests */ = {
			isa = PBXNativeTarget;
			buildConfigurationList = AD50F38D2B37FDF2000F5C71 /* Build configuration list for PBXNativeTarget "todo-listUITests" */;
			buildPhases = (
				AD50F3792B37FDF2000F5C71 /* Sources */,
				AD50F37A2B37FDF2000F5C71 /* Frameworks */,
				AD50F37B2B37FDF2000F5C71 /* Resources */,
			);
			buildRules = (
			);
			dependencies = (
				AD50F37F2B37FDF2000F5C71 /* PBXTargetDependency */,
			);
			name = "todo-listUITests";
			productName = "todo-listUITests";
			productReference = AD50F37D2B37FDF2000F5C71 /* todo-listUITests.xctest */;
			productType = "com.apple.product-type.bundle.ui-testing";
		};
/* End PBXNativeTarget section */

/* Begin PBXProject section */
		AD50F35B2B37FDEF000F5C71 /* Project object */ = {
			isa = PBXProject;
			attributes = {
				BuildIndependentTargetsInParallel = 1;
				LastSwiftUpdateCheck = 1420;
				LastUpgradeCheck = 1420;
				TargetAttributes = {
					AD50F3622B37FDEF000F5C71 = {
						CreatedOnToolsVersion = 14.2;
					};
					AD50F3722B37FDF2000F5C71 = {
						CreatedOnToolsVersion = 14.2;
						TestTargetID = AD50F3622B37FDEF000F5C71;
					};
					AD50F37C2B37FDF2000F5C71 = {
						CreatedOnToolsVersion = 14.2;
						TestTargetID = AD50F3622B37FDEF000F5C71;
					};
				};
			};
			buildConfigurationList = AD50F35E2B37FDEF000F5C71 /* Build configuration list for PBXProject "todo-list" */;
			compatibilityVersion = "Xcode 14.0";
			developmentRegion = en;
			hasScannedForEncodings = 0;
			knownRegions = (
				en,
				Base,
			);
			mainGroup = AD50F35A2B37FDEF000F5C71;
			productRefGroup = AD50F3642B37FDEF000F5C71 /* Products */;
			projectDirPath = "";
			projectRoot = "";
			targets = (
				AD50F3622B37FDEF000F5C71 /* todo-list */,
				AD50F3722B37FDF2000F5C71 /* todo-listTests */,
				AD50F37C2B37FDF2000F5C71 /* todo-listUITests */,
			);
		};
/* End PBXProject section */

/* Begin PBXResourcesBuildPhase section */
		AD50F3612B37FDEF000F5C71 /* Resources */ = {
			isa = PBXResourcesBuildPhase;
			buildActionMask = 2147483647;
			files = (
				AD50F36E2B37FDF2000F5C71 /* Preview Assets.xcassets in Resources */,
				AD50F36B2B37FDF2000F5C71 /* Assets.xcassets in Resources */,
			);
			runOnlyForDeploymentPostprocessing = 0;
		};
		AD50F3712B37FDF2000F5C71 /* Resources */ = {
			isa = PBXResourcesBuildPhase;
			buildActionMask = 2147483647;
			files = (
			);
			runOnlyForDeploymentPostprocessing = 0;
		};
		AD50F37B2B37FDF2000F5C71 /* Resources */ = {
			isa = PBXResourcesBuildPhase;
			buildActionMask = 2147483647;
			files = (
			);
			runOnlyForDeploymentPostprocessing = 0;
		};
/* End PBXResourcesBuildPhase section */

/* Begin PBXSourcesBuildPhase section */
		AD50F35F2B37FDEF000F5C71 /* Sources */ = {
			isa = PBXSourcesBuildPhase;
			buildActionMask = 2147483647;
			files = (
				AD50F3962B3819D4000F5C71 /* ValidationHelper.swift in Sources */,
				AD50F3692B37FDEF000F5C71 /* ContentView.swift in Sources */,
				AD50F3922B381736000F5C71 /* TodoItem.swift in Sources */,
				AD50F3672B37FDEF000F5C71 /* todo_listApp.swift in Sources */,
				AD50F3992B381B6C000F5C71 /* TodoListViewModel.swift in Sources */,
			);
			runOnlyForDeploymentPostprocessing = 0;
		};
		AD50F36F2B37FDF2000F5C71 /* Sources */ = {
			isa = PBXSourcesBuildPhase;
			buildActionMask = 2147483647;
			files = (
				AD50F3782B37FDF2000F5C71 /* todo_listTests.swift in Sources */,
			);
			runOnlyForDeploymentPostprocessing = 0;
		};
		AD50F3792B37FDF2000F5C71 /* Sources */ = {
			isa = PBXSourcesBuildPhase;
			buildActionMask = 2147483647;
			files = (
				AD50F3842B37FDF2000F5C71 /* todo_listUITestsLaunchTests.swift in Sources */,
				AD50F3822B37FDF2000F5C71 /* todo_listUITests.swift in Sources */,
			);
			runOnlyForDeploymentPostprocessing = 0;
		};
/* End PBXSourcesBuildPhase section */

/* Begin PBXTargetDependency section */
		AD50F3752B37FDF2000F5C71 /* PBXTargetDependency */ = {
			isa = PBXTargetDependency;
			target = AD50F3622B37FDEF000F5C71 /* todo-list */;
			targetProxy = AD50F3742B37FDF2000F5C71 /* PBXContainerItemProxy */;
		};
		AD50F37F2B37FDF2000F5C71 /* PBXTargetDependency */ = {
			isa = PBXTargetDependency;
			target = AD50F3622B37FDEF000F5C71 /* todo-list */;
			targetProxy = AD50F37E2B37FDF2000F5C71 /* PBXContainerItemProxy */;
		};
/* End PBXTargetDependency section */

/* Begin XCBuildConfiguration section */
		AD50F3852B37FDF2000F5C71 /* Debug */ = {
			isa = XCBuildConfiguration;
			buildSettings = {
				ALWAYS_SEARCH_USER_PATHS = NO;
				CLANG_ANALYZER_NONNULL = YES;
				CLANG_ANALYZER_NUMBER_OBJECT_CONVERSION = YES_AGGRESSIVE;
				CLANG_CXX_LANGUAGE_STANDARD = "gnu++20";
				CLANG_ENABLE_MODULES = YES;
				CLANG_ENABLE_OBJC_ARC = YES;
				CLANG_ENABLE_OBJC_WEAK = YES;
				CLANG_WARN_BLOCK_CAPTURE_AUTORELEASING = YES;
				CLANG_WARN_BOOL_CONVERSION = YES;
				CLANG_WARN_COMMA = YES;
				CLANG_WARN_CONSTANT_CONVERSION = YES;
				CLANG_WARN_DEPRECATED_OBJC_IMPLEMENTATIONS = YES;
				CLANG_WARN_DIRECT_OBJC_ISA_USAGE = YES_ERROR;
				CLANG_WARN_DOCUMENTATION_COMMENTS = YES;
				CLANG_WARN_EMPTY_BODY = YES;
				CLANG_WARN_ENUM_CONVERSION = YES;
				CLANG_WARN_INFINITE_RECURSION = YES;
				CLANG_WARN_INT_CONVERSION = YES;
				CLANG_WARN_NON_LITERAL_NULL_CONVERSION = YES;
				CLANG_WARN_OBJC_IMPLICIT_RETAIN_SELF = YES;
				CLANG_WARN_OBJC_LITERAL_CONVERSION = YES;
				CLANG_WARN_OBJC_ROOT_CLASS = YES_ERROR;
				CLANG_WARN_QUOTED_INCLUDE_IN_FRAMEWORK_HEADER = YES;
				CLANG_WARN_RANGE_LOOP_ANALYSIS = YES;
				CLANG_WARN_STRICT_PROTOTYPES = YES;
				CLANG_WARN_SUSPICIOUS_MOVE = YES;
				CLANG_WARN_UNGUARDED_AVAILABILITY = YES_AGGRESSIVE;
				CLANG_WARN_UNREACHABLE_CODE = YES;
				CLANG_WARN__DUPLICATE_METHOD_MATCH = YES;
				COPY_PHASE_STRIP = NO;
				DEBUG_INFORMATION_FORMAT = dwarf;
				ENABLE_STRICT_OBJC_MSGSEND = YES;
				ENABLE_TESTABILITY = YES;
				GCC_C_LANGUAGE_STANDARD = gnu11;
				GCC_DYNAMIC_NO_PIC = NO;
				GCC_NO_COMMON_BLOCKS = YES;
				GCC_OPTIMIZATION_LEVEL = 0;
				GCC_PREPROCESSOR_DEFINITIONS = (
					"DEBUG=1",
					"$(inherited)",
				);
				GCC_WARN_64_TO_32_BIT_CONVERSION = YES;
				GCC_WARN_ABOUT_RETURN_TYPE = YES_ERROR;
				GCC_WARN_UNDECLARED_SELECTOR = YES;
				GCC_WARN_UNINITIALIZED_AUTOS = YES_AGGRESSIVE;
				GCC_WARN_UNUSED_FUNCTION = YES;
				GCC_WARN_UNUSED_VARIABLE = YES;
				IPHONEOS_DEPLOYMENT_TARGET = 16.2;
				MTL_ENABLE_DEBUG_INFO = INCLUDE_SOURCE;
				MTL_FAST_MATH = YES;
				ONLY_ACTIVE_ARCH = YES;
				SDKROOT = iphoneos;
				SWIFT_ACTIVE_COMPILATION_CONDITIONS = DEBUG;
				SWIFT_OPTIMIZATION_LEVEL = "-Onone";
			};
			name = Debug;
		};
		AD50F3862B37FDF2000F5C71 /* Release */ = {
			isa = XCBuildConfiguration;
			buildSettings = {
				ALWAYS_SEARCH_USER_PATHS = NO;
				CLANG_ANALYZER_NONNULL = YES;
				CLANG_ANALYZER_NUMBER_OBJECT_CONVERSION = YES_AGGRESSIVE;
				CLANG_CXX_LANGUAGE_STANDARD = "gnu++20";
				CLANG_ENABLE_MODULES = YES;
				CLANG_ENABLE_OBJC_ARC = YES;
				CLANG_ENABLE_OBJC_WEAK = YES;
				CLANG_WARN_BLOCK_CAPTURE_AUTORELEASING = YES;
				CLANG_WARN_BOOL_CONVERSION = YES;
				CLANG_WARN_COMMA = YES;
				CLANG_WARN_CONSTANT_CONVERSION = YES;
				CLANG_WARN_DEPRECATED_OBJC_IMPLEMENTATIONS = YES;
				CLANG_WARN_DIRECT_OBJC_ISA_USAGE = YES_ERROR;
				CLANG_WARN_DOCUMENTATION_COMMENTS = YES;
				CLANG_WARN_EMPTY_BODY = YES;
				CLANG_WARN_ENUM_CONVERSION = YES;
				CLANG_WARN_INFINITE_RECURSION = YES;
				CLANG_WARN_INT_CONVERSION = YES;
				CLANG_WARN_NON_LITERAL_NULL_CONVERSION = YES;
				CLANG_WARN_OBJC_IMPLICIT_RETAIN_SELF = YES;
				CLANG_WARN_OBJC_LITERAL_CONVERSION = YES;
				CLANG_WARN_OBJC_ROOT_CLASS = YES_ERROR;
				CLANG_WARN_QUOTED_INCLUDE_IN_FRAMEWORK_HEADER = YES;
				CLANG_WARN_RANGE_LOOP_ANALYSIS = YES;
				CLANG_WARN_STRICT_PROTOTYPES = YES;
				CLANG_WARN_SUSPICIOUS_MOVE = YES;
				CLANG_WARN_UNGUARDED_AVAILABILITY = YES_AGGRESSIVE;
				CLANG_WARN_UNREACHABLE_CODE = YES;
				CLANG_WARN__DUPLICATE_METHOD_MATCH = YES;
				COPY_PHASE_STRIP = NO;
				DEBUG_INFORMATION_FORMAT = "dwarf-with-dsym";
				ENABLE_NS_ASSERTIONS = NO;
				ENABLE_STRICT_OBJC_MSGSEND = YES;
				GCC_C_LANGUAGE_STANDARD = gnu11;
				GCC_NO_COMMON_BLOCKS = YES;
				GCC_WARN_64_TO_32_BIT_CONVERSION = YES;
				GCC_WARN_ABOUT_RETURN_TYPE = YES_ERROR;
				GCC_WARN_UNDECLARED_SELECTOR = YES;
				GCC_WARN_UNINITIALIZED_AUTOS = YES_AGGRESSIVE;
				GCC_WARN_UNUSED_FUNCTION = YES;
				GCC_WARN_UNUSED_VARIABLE = YES;
				IPHONEOS_DEPLOYMENT_TARGET = 16.2;
				MTL_ENABLE_DEBUG_INFO = NO;
				MTL_FAST_MATH = YES;
				SDKROOT = iphoneos;
				SWIFT_COMPILATION_MODE = wholemodule;
				SWIFT_OPTIMIZATION_LEVEL = "-O";
				VALIDATE_PRODUCT = YES;
			};
			name = Release;
		};
		AD50F3882B37FDF2000F5C71 /* Debug */ = {
			isa = XCBuildConfiguration;
			buildSettings = {
				ASSETCATALOG_COMPILER_APPICON_NAME = AppIcon;
				ASSETCATALOG_COMPILER_GLOBAL_ACCENT_COLOR_NAME = AccentColor;
				CODE_SIGN_STYLE = Automatic;
				CURRENT_PROJECT_VERSION = 1;
				DEVELOPMENT_ASSET_PATHS = "\"todo-list/Preview Content\"";
				DEVELOPMENT_TEAM = MS59HQ7325;
				ENABLE_PREVIEWS = YES;
				GENERATE_INFOPLIST_FILE = YES;
				INFOPLIST_KEY_UIApplicationSceneManifest_Generation = YES;
				INFOPLIST_KEY_UIApplicationSupportsIndirectInputEvents = YES;
				INFOPLIST_KEY_UILaunchScreen_Generation = YES;
				INFOPLIST_KEY_UISupportedInterfaceOrientations_iPad = "UIInterfaceOrientationPortrait UIInterfaceOrientationPortraitUpsideDown UIInterfaceOrientationLandscapeLeft UIInterfaceOrientationLandscapeRight";
				INFOPLIST_KEY_UISupportedInterfaceOrientations_iPhone = "UIInterfaceOrientationPortrait UIInterfaceOrientationLandscapeLeft UIInterfaceOrientationLandscapeRight";
				LD_RUNPATH_SEARCH_PATHS = (
					"$(inherited)",
					"@executable_path/Frameworks",
				);
				MARKETING_VERSION = 1.0;
				PRODUCT_BUNDLE_IDENTIFIER = "gemanepa.todo-list";
				PRODUCT_NAME = "$(TARGET_NAME)";
				SWIFT_EMIT_LOC_STRINGS = YES;
				SWIFT_VERSION = 5.0;
				TARGETED_DEVICE_FAMILY = "1,2";
			};
			name = Debug;
		};
		AD50F3892B37FDF2000F5C71 /* Release */ = {
			isa = XCBuildConfiguration;
			buildSettings = {
				ASSETCATALOG_COMPILER_APPICON_NAME = AppIcon;
				ASSETCATALOG_COMPILER_GLOBAL_ACCENT_COLOR_NAME = AccentColor;
				CODE_SIGN_STYLE = Automatic;
				CURRENT_PROJECT_VERSION = 1;
				DEVELOPMENT_ASSET_PATHS = "\"todo-list/Preview Content\"";
				DEVELOPMENT_TEAM = MS59HQ7325;
				ENABLE_PREVIEWS = YES;
				GENERATE_INFOPLIST_FILE = YES;
				INFOPLIST_KEY_UIApplicationSceneManifest_Generation = YES;
				INFOPLIST_KEY_UIApplicationSupportsIndirectInputEvents = YES;
				INFOPLIST_KEY_UILaunchScreen_Generation = YES;
				INFOPLIST_KEY_UISupportedInterfaceOrientations_iPad = "UIInterfaceOrientationPortrait UIInterfaceOrientationPortraitUpsideDown UIInterfaceOrientationLandscapeLeft UIInterfaceOrientationLandscapeRight";
				INFOPLIST_KEY_UISupportedInterfaceOrientations_iPhone = "UIInterfaceOrientationPortrait UIInterfaceOrientationLandscapeLeft UIInterfaceOrientationLandscapeRight";
				LD_RUNPATH_SEARCH_PATHS = (
					"$(inherited)",
					"@executable_path/Frameworks",
				);
				MARKETING_VERSION = 1.0;
				PRODUCT_BUNDLE_IDENTIFIER = "gemanepa.todo-list";
				PRODUCT_NAME = "$(TARGET_NAME)";
				SWIFT_EMIT_LOC_STRINGS = YES;
				SWIFT_VERSION = 5.0;
				TARGETED_DEVICE_FAMILY = "1,2";
			};
			name = Release;
		};
		AD50F38B2B37FDF2000F5C71 /* Debug */ = {
			isa = XCBuildConfiguration;
			buildSettings = {
				ALWAYS_EMBED_SWIFT_STANDARD_LIBRARIES = YES;
				BUNDLE_LOADER = "$(TEST_HOST)";
				CODE_SIGN_STYLE = Automatic;
				CURRENT_PROJECT_VERSION = 1;
				DEVELOPMENT_TEAM = MS59HQ7325;
				GENERATE_INFOPLIST_FILE = YES;
				IPHONEOS_DEPLOYMENT_TARGET = 16.2;
				MARKETING_VERSION = 1.0;
				PRODUCT_BUNDLE_IDENTIFIER = "gemanepa.todo-listTests";
				PRODUCT_NAME = "$(TARGET_NAME)";
				SWIFT_EMIT_LOC_STRINGS = NO;
				SWIFT_VERSION = 5.0;
				TARGETED_DEVICE_FAMILY = "1,2";
				TEST_HOST = "$(BUILT_PRODUCTS_DIR)/todo-list.app/$(BUNDLE_EXECUTABLE_FOLDER_PATH)/todo-list";
			};
			name = Debug;
		};
		AD50F38C2B37FDF2000F5C71 /* Release */ = {
			isa = XCBuildConfiguration;
			buildSettings = {
				ALWAYS_EMBED_SWIFT_STANDARD_LIBRARIES = YES;
				BUNDLE_LOADER = "$(TEST_HOST)";
				CODE_SIGN_STYLE = Automatic;
				CURRENT_PROJECT_VERSION = 1;
				DEVELOPMENT_TEAM = MS59HQ7325;
				GENERATE_INFOPLIST_FILE = YES;
				IPHONEOS_DEPLOYMENT_TARGET = 16.2;
				MARKETING_VERSION = 1.0;
				PRODUCT_BUNDLE_IDENTIFIER = "gemanepa.todo-listTests";
				PRODUCT_NAME = "$(TARGET_NAME)";
				SWIFT_EMIT_LOC_STRINGS = NO;
				SWIFT_VERSION = 5.0;
				TARGETED_DEVICE_FAMILY = "1,2";
				TEST_HOST = "$(BUILT_PRODUCTS_DIR)/todo-list.app/$(BUNDLE_EXECUTABLE_FOLDER_PATH)/todo-list";
			};
			name = Release;
		};
		AD50F38E2B37FDF2000F5C71 /* Debug */ = {
			isa = XCBuildConfiguration;
			buildSettings = {
				ALWAYS_EMBED_SWIFT_STANDARD_LIBRARIES = YES;
				CODE_SIGN_STYLE = Automatic;
				CURRENT_PROJECT_VERSION = 1;
				DEVELOPMENT_TEAM = MS59HQ7325;
				GENERATE_INFOPLIST_FILE = YES;
				MARKETING_VERSION = 1.0;
				PRODUCT_BUNDLE_IDENTIFIER = "gemanepa.todo-listUITests";
				PRODUCT_NAME = "$(TARGET_NAME)";
				SWIFT_EMIT_LOC_STRINGS = NO;
				SWIFT_VERSION = 5.0;
				TARGETED_DEVICE_FAMILY = "1,2";
				TEST_TARGET_NAME = "todo-list";
			};
			name = Debug;
		};
		AD50F38F2B37FDF2000F5C71 /* Release */ = {
			isa = XCBuildConfiguration;
			buildSettings = {
				ALWAYS_EMBED_SWIFT_STANDARD_LIBRARIES = YES;
				CODE_SIGN_STYLE = Automatic;
				CURRENT_PROJECT_VERSION = 1;
				DEVELOPMENT_TEAM = MS59HQ7325;
				GENERATE_INFOPLIST_FILE = YES;
				MARKETING_VERSION = 1.0;
				PRODUCT_BUNDLE_IDENTIFIER = "gemanepa.todo-listUITests";
				PRODUCT_NAME = "$(TARGET_NAME)";
				SWIFT_EMIT_LOC_STRINGS = NO;
				SWIFT_VERSION = 5.0;
				TARGETED_DEVICE_FAMILY = "1,2";
				TEST_TARGET_NAME = "todo-list";
			};
			name = Release;
		};
/* End XCBuildConfiguration section */

/* Begin XCConfigurationList section */
		AD50F35E2B37FDEF000F5C71 /* Build configuration list for PBXProject "todo-list" */ = {
			isa = XCConfigurationList;
			buildConfigurations = (
				AD50F3852B37FDF2000F5C71 /* Debug */,
				AD50F3862B37FDF2000F5C71 /* Release */,
			);
			defaultConfigurationIsVisible = 0;
			defaultConfigurationName = Release;
		};
		AD50F3872B37FDF2000F5C71 /* Build configuration list for PBXNativeTarget "todo-list" */ = {
			isa = XCConfigurationList;
			buildConfigurations = (
				AD50F3882B37FDF2000F5C71 /* Debug */,
				AD50F3892B37FDF2000F5C71 /* Release */,
			);
			defaultConfigurationIsVisible = 0;
			defaultConfigurationName = Release;
		};
		AD50F38A2B37FDF2000F5C71 /* Build configuration list for PBXNativeTarget "todo-listTests" */ = {
			isa = XCConfigurationList;
			buildConfigurations = (
				AD50F38B2B37FDF2000F5C71 /* Debug */,
				AD50F38C2B37FDF2000F5C71 /* Release */,
			);
			defaultConfigurationIsVisible = 0;
			defaultConfigurationName = Release;
		};
		AD50F38D2B37FDF2000F5C71 /* Build configuration list for PBXNativeTarget "todo-listUITests" */ = {
			isa = XCConfigurationList;
			buildConfigurations = (
				AD50F38E2B37FDF2000F5C71 /* Debug */,
				AD50F38F2B37FDF2000F5C71 /* Release */,
			);
			defaultConfigurationIsVisible = 0;
			defaultConfigurationName = Release;
		};
/* End XCConfigurationList section */
	};
	rootObject = AD50F35B2B37FDEF000F5C71 /* Project object */;
}
